GEM
  remote: https://rubygems.org/
  specs:
    language_server-protocol (3.17.0.6)
    logger (1.7.0)
    prism (1.9.0)
    rbs (4.2.0)
      logger
      prism (>= 1.6.0)
      tsort
    rigortype (0.3.6)
      language_server-protocol (>= 3.17, < 4.0)
      prism (>= 1.0, < 2.0)
      rbs (>= 3.0, < 5.0)
    tsort (0.2.0)

PLATFORMS
  arm64-darwin-23
  ruby

DEPENDENCIES
  rbs (~> 4.0)
  rigortype (~> 0.2)

CHECKSUMS
  bundler (4.0.13) sha256=19f08be7f27022cf0b89f27da0b044ae075e8270a9ef44ad248a932614e1ca3b
  language_server-protocol (3.17.0.6) sha256=5ef2c0c138f8267e1bc631d3328347d354f96724b0af22f2c79516120443b7f0
  logger (1.7.0) sha256=196edec7cc44b66cfb40f9755ce11b392f21f7967696af15d274dde7edff0203
  prism (1.9.0) sha256=7b530c6a9f92c24300014919c9dcbc055bf4cdf51ec30aed099b06cd6674ef85
  rbs (4.2.0) sha256=51f7b886dcc05bc09e10b901daa6a81829f6adc03101d6ca9ea4aac6103e0674
  rigortype (0.3.6) sha256=33357e03e62f8d5d73afa8b168c0da113ab3f40b148dc68d9ab0081aca3889e6
  tsort (0.2.0) sha256=9650a793f6859a43b6641671278f79cfead60ac714148aabe4e3f0060480089f

BUNDLED WITH
  4.0.13
